// !$*UTF8*$!
{
	archiveVersion = 1;
	classes = {
	};
	objectVersion = 46;
	objects = {

/* Begin PBXBuildFile section */
		1761FAA81E9192DB00934AFC /* RNHTMLPrinter.m in Sources */ = {isa = PBXBuildFile; fileRef = 1761FAA71E9192DB00934AFC /* RNHTMLPrinter.m */; };
		1761FAA91E9192DB00934AFC /* RNHTMLPrinter.h in CopyFiles */ = {isa = PBXBuildFile; fileRef = 1761FAA61E9192DB00934AFC /* RNHTMLPrinter.h */; };
		DEAB3556EE37A3F917E9D213 /* libPods-RNHTMLPrinter.a in Frameworks */ = {isa = PBXBuildFile; fileRef = 655FA2EDAC9BF21E60E8D960 /* libPods-RNHTMLPrinter.a */; };
/* End PBXBuildFile section */

/* Begin PBXContainerItemProxy section */
		1761FAD51E919D6600934AFC /* PBXContainerItemProxy */ = {
			isa = PBXContainerItemProxy;
			containerPortal = 1761FACA1E919D6600934AFC /* React.xcodeproj */;
			proxyType = 2;
			remoteGlobalIDString = 83CBBA2E1A601D0E00E9B192;
			remoteInfo = React;
		};
		1761FAD71E919D6600934AFC /* PBXContainerItemProxy */ = {
			isa = PBXContainerItemProxy;
			containerPortal = 1761FACA1E919D6600934AFC /* React.xcodeproj */;
			proxyType = 2;
			remoteGlobalIDString = 2D2A28131D9B038B00D4039D;
			remoteInfo = "React-tvOS";
		};
		1761FAD91E919D6600934AFC /* PBXContainerItemProxy */ = {
			isa = PBXContainerItemProxy;
			containerPortal = 1761FACA1E919D6600934AFC /* React.xcodeproj */;
			proxyType = 2;
			remoteGlobalIDString = 3D3C059A1DE3340900C268FA;
			remoteInfo = yoga;
		};
		1761FADB1E919D6600934AFC /* PBXContainerItemProxy */ = {
			isa = PBXContainerItemProxy;
			containerPortal = 1761FACA1E919D6600934AFC /* React.xcodeproj */;
			proxyType = 2;
			remoteGlobalIDString = 3D3C06751DE3340C00C268FA;
			remoteInfo = "yoga-tvOS";
		};
		1761FADD1E919D6600934AFC /* PBXContainerItemProxy */ = {
			isa = PBXContainerItemProxy;
			containerPortal = 1761FACA1E919D6600934AFC /* React.xcodeproj */;
			proxyType = 2;
			remoteGlobalIDString = 3D3CD9251DE5FBEC00167DC4;
			remoteInfo = cxxreact;
		};
		1761FADF1E919D6600934AFC /* PBXContainerItemProxy */ = {
			isa = PBXContainerItemProxy;
			containerPortal = 1761FACA1E919D6600934AFC /* React.xcodeproj */;
			proxyType = 2;
			remoteGlobalIDString = 3D3CD9321DE5FBEE00167DC4;
			remoteInfo = "cxxreact-tvOS";
		};
		1761FAE11E919D6600934AFC /* PBXContainerItemProxy */ = {
			isa = PBXContainerItemProxy;
			containerPortal = 1761FACA1E919D6600934AFC /* React.xcodeproj */;
			proxyType = 2;
			remoteGlobalIDString = 3D3CD90B1DE5FBD600167DC4;
			remoteInfo = jschelpers;
		};
		1761FAE31E919D6600934AFC /* PBXContainerItemProxy */ = {
			isa = PBXContainerItemProxy;
			containerPortal = 1761FACA1E919D6600934AFC /* React.xcodeproj */;
			proxyType = 2;
			remoteGlobalIDString = 3D3CD9181DE5FBD800167DC4;
			remoteInfo = "jschelpers-tvOS";
		};
/* End PBXContainerItemProxy section */

/* Begin PBXCopyFilesBuildPhase section */
		1761FAA11E9192DB00934AFC /* CopyFiles */ = {
			isa = PBXCopyFilesBuildPhase;
			buildActionMask = 2147483647;
			dstPath = "include/$(PRODUCT_NAME)";
			dstSubfolderSpec = 16;
			files = (
				1761FAA91E9192DB00934AFC /* RNHTMLPrinter.h in CopyFiles */,
			);
			runOnlyForDeploymentPostprocessing = 0;
		};
/* End PBXCopyFilesBuildPhase section */

/* Begin PBXFileReference section */
		1761FAA31E9192DB00934AFC /* libRNHTMLPrinter.a */ = {isa = PBXFileReference; explicitFileType = archive.ar; includeInIndex = 0; path = libRNHTMLPrinter.a; sourceTree = BUILT_PRODUCTS_DIR; };
		1761FAA61E9192DB00934AFC /* RNHTMLPrinter.h */ = {isa = PBXFileReference; lastKnownFileType = sourcecode.c.h; path = RNHTMLPrinter.h; sourceTree = "<group>"; };
		1761FAA71E9192DB00934AFC /* RNHTMLPrinter.m */ = {isa = PBXFileReference; lastKnownFileType = sourcecode.c.objc; path = RNHTMLPrinter.m; sourceTree = "<group>"; };
		1761FACA1E919D6600934AFC /* React.xcodeproj */ = {isa = PBXFileReference; lastKnownFileType = "wrapper.pb-project"; name = React.xcodeproj; path = "../node_modules/react-native/React/React.xcodeproj"; sourceTree = "<group>"; };
		5F1BC4AFC62B866E87F5BB7F /* Pods-RNHTMLPrinter.release.xcconfig */ = {isa = PBXFileReference; includeInIndex = 1; lastKnownFileType = text.xcconfig; name = "Pods-RNHTMLPrinter.release.xcconfig"; path = "Pods/Target Support Files/Pods-RNHTMLPrinter/Pods-RNHTMLPrinter.release.xcconfig"; sourceTree = "<group>"; };
		655FA2EDAC9BF21E60E8D960 /* libPods-RNHTMLPrinter.a */ = {isa = PBXFileReference; explicitFileType = archive.ar; includeInIndex = 0; path = "libPods-RNHTMLPrinter.a"; sourceTree = BUILT_PRODUCTS_DIR; };
		C6647B4A8A7E3EFE2760EA87 /* Pods-RNHTMLPrinter.debug.xcconfig */ = {isa = PBXFileReference; includeInIndex = 1; lastKnownFileType = text.xcconfig; name = "Pods-RNHTMLPrinter.debug.xcconfig"; path = "Pods/Target Support Files/Pods-RNHTMLPrinter/Pods-RNHTMLPrinter.debug.xcconfig"; sourceTree = "<group>"; };
/* End PBXFileReference section */

/* Begin PBXFrameworksBuildPhase section */
		1761FAA01E9192DB00934AFC /* Frameworks */ = {
			isa = PBXFrameworksBuildPhase;
			buildActionMask = 2147483647;
			files = (
				DEAB3556EE37A3F917E9D213 /* libPods-RNHTMLPrinter.a in Frameworks */,
			);
			runOnlyForDeploymentPostprocessing = 0;
		};
/* End PBXFrameworksBuildPhase section */

/* Begin PBXGroup section */
		1761FA9A1E9192DB00934AFC = {
			isa = PBXGroup;
			children = (
				1761FAA51E9192DB00934AFC /* RNHTMLPrinter */,
				1761FAA41E9192DB00934AFC /* Products */,
				A650D7AD8152DD9DBB440AB6 /* Pods */,
				5924A6D9671E9ABF1C7735A8 /* Frameworks */,
			);
			sourceTree = "<group>";
		};
		1761FAA41E9192DB00934AFC /* Products */ = {
			isa = PBXGroup;
			children = (
				1761FAA31E9192DB00934AFC /* libRNHTMLPrinter.a */,
			);
			name = Products;
			sourceTree = "<group>";
		};
		1761FAA51E9192DB00934AFC /* RNHTMLPrinter */ = {
			isa = PBXGroup;
			children = (
				1761FAA61E9192DB00934AFC /* RNHTMLPrinter.h */,
				1761FAA71E9192DB00934AFC /* RNHTMLPrinter.m */,
			);
			path = RNHTMLPrinter;
			sourceTree = "<group>";
		};
		1761FACB1E919D6600934AFC /* Products */ = {
			isa = PBXGroup;
			children = (
				1761FAD61E919D6600934AFC /* libReact.a */,
				1761FAD81E919D6600934AFC /* libReact.a */,
				1761FADA1E919D6600934AFC /* libyoga.a */,
				1761FADC1E919D6600934AFC /* libyoga.a */,
				1761FADE1E919D6600934AFC /* libcxxreact.a */,
				1761FAE01E919D6600934AFC /* libcxxreact.a */,
				1761FAE21E919D6600934AFC /* libjschelpers.a */,
				1761FAE41E919D6600934AFC /* libjschelpers.a */,
			);
			name = Products;
			sourceTree = "<group>";
		};
		5924A6D9671E9ABF1C7735A8 /* Frameworks */ = {
			isa = PBXGroup;
			children = (
				1761FACA1E919D6600934AFC /* React.xcodeproj */,
				655FA2EDAC9BF21E60E8D960 /* libPods-RNHTMLPrinter.a */,
			);
			name = Frameworks;
			sourceTree = "<group>";
		};
		A650D7AD8152DD9DBB440AB6 /* Pods */ = {
			isa = PBXGroup;
			children = (
				C6647B4A8A7E3EFE2760EA87 /* Pods-RNHTMLPrinter.debug.xcconfig */,
				5F1BC4AFC62B866E87F5BB7F /* Pods-RNHTMLPrinter.release.xcconfig */,
			);
			name = Pods;
			sourceTree = "<group>";
		};
/* End PBXGroup section */

/* Begin PBXNativeTarget section */
		1761FAA21E9192DB00934AFC /* RNHTMLPrinter */ = {
			isa = PBXNativeTarget;
			buildConfigurationList = 1761FAAC1E9192DB00934AFC /* Build configuration list for PBXNativeTarget "RNHTMLPrinter" */;
			buildPhases = (
				46FE575B42122EF534FC0957 /* [CP] Check Pods Manifest.lock */,
				1761FA9F1E9192DB00934AFC /* Sources */,
				1761FAA01E9192DB00934AFC /* Frameworks */,
				1761FAA11E9192DB00934AFC /* CopyFiles */,
				1E2F731163D573B1242363EB /* [CP] Copy Pods Resources */,
			);
			buildRules = (
			);
			dependencies = (
			);
			name = RNHTMLPrinter;
			productName = RNHTMLPrinter;
			productReference = 1761FAA31E9192DB00934AFC /* libRNHTMLPrinter.a */;
			productType = "com.apple.product-type.library.static";
		};
/* End PBXNativeTarget section */

/* Begin PBXProject section */
		1761FA9B1E9192DB00934AFC /* Project object */ = {
			isa = PBXProject;
			attributes = {
				LastUpgradeCheck = 0820;
				ORGANIZATIONNAME = "Jordan Hitch";
				TargetAttributes = {
					1761FAA21E9192DB00934AFC = {
						CreatedOnToolsVersion = 8.2.1;
						DevelopmentTeam = 8R7QY65ARB;
						ProvisioningStyle = Automatic;
					};
				};
			};
			buildConfigurationList = 1761FA9E1E9192DB00934AFC /* Build configuration list for PBXProject "RNHTMLPrinter" */;
			compatibilityVersion = "Xcode 3.2";
			developmentRegion = English;
			hasScannedForEncodings = 0;
			knownRegions = (
				en,
			);
			mainGroup = 1761FA9A1E9192DB00934AFC;
			productRefGroup = 1761FAA41E9192DB00934AFC /* Products */;
			projectDirPath = "";
			projectReferences = (
				{
					ProductGroup = 1761FACB1E919D6600934AFC /* Products */;
					ProjectRef = 1761FACA1E919D6600934AFC /* React.xcodeproj */;
				},
			);
			projectRoot = "";
			targets = (
				1761FAA21E9192DB00934AFC /* RNHTMLPrinter */,
			);
		};
/* End PBXProject section */

/* Begin PBXReferenceProxy section */
		1761FAD61E919D6600934AFC /* libReact.a */ = {
			isa = PBXReferenceProxy;
			fileType = archive.ar;
			path = libReact.a;
			remoteRef = 1761FAD51E919D6600934AFC /* PBXContainerItemProxy */;
			sourceTree = BUILT_PRODUCTS_DIR;
		};
		1761FAD81E919D6600934AFC /* libReact.a */ = {
			isa = PBXReferenceProxy;
			fileType = archive.ar;
			path = libReact.a;
			remoteRef = 1761FAD71E919D6600934AFC /* PBXContainerItemProxy */;
			sourceTree = BUILT_PRODUCTS_DIR;
		};
		1761FADA1E919D6600934AFC /* libyoga.a */ = {
			isa = PBXReferenceProxy;
			fileType = archive.ar;
			path = libyoga.a;
			remoteRef = 1761FAD91E919D6600934AFC /* PBXContainerItemProxy */;
			sourceTree = BUILT_PRODUCTS_DIR;
		};
		1761FADC1E919D6600934AFC /* libyoga.a */ = {
			isa = PBXReferenceProxy;
			fileType = archive.ar;
			path = libyoga.a;
			remoteRef = 1761FADB1E919D6600934AFC /* PBXContainerItemProxy */;
			sourceTree = BUILT_PRODUCTS_DIR;
		};
		1761FADE1E919D6600934AFC /* libcxxreact.a */ = {
			isa = PBXReferenceProxy;
			fileType = archive.ar;
			path = libcxxreact.a;
			remoteRef = 1761FADD1E919D6600934AFC /* PBXContainerItemProxy */;
			sourceTree = BUILT_PRODUCTS_DIR;
		};
		1761FAE01E919D6600934AFC /* libcxxreact.a */ = {
			isa = PBXReferenceProxy;
			fileType = archive.ar;
			path = libcxxreact.a;
			remoteRef = 1761FADF1E919D6600934AFC /* PBXContainerItemProxy */;
			sourceTree = BUILT_PRODUCTS_DIR;
		};
		1761FAE21E919D6600934AFC /* libjschelpers.a */ = {
			isa = PBXReferenceProxy;
			fileType = archive.ar;
			path = libjschelpers.a;
			remoteRef = 1761FAE11E919D6600934AFC /* PBXContainerItemProxy */;
			sourceTree = BUILT_PRODUCTS_DIR;
		};
		1761FAE41E919D6600934AFC /* libjschelpers.a */ = {
			isa = PBXReferenceProxy;
			fileType = archive.ar;
			path = libjschelpers.a;
			remoteRef = 1761FAE31E919D6600934AFC /* PBXContainerItemProxy */;
			sourceTree = BUILT_PRODUCTS_DIR;
		};
/* End PBXReferenceProxy section */

/* Begin PBXShellScriptBuildPhase section */
		1E2F731163D573B1242363EB /* [CP] Copy Pods Resources */ = {
			isa = PBXShellScriptBuildPhase;
			buildActionMask = 2147483647;
			files = (
			);
			inputPaths = (
			);
			name = "[CP] Copy Pods Resources";
			outputPaths = (
			);
			runOnlyForDeploymentPostprocessing = 0;
			shellPath = /bin/sh;
			shellScript = "\"${SRCROOT}/Pods/Target Support Files/Pods-RNHTMLPrinter/Pods-RNHTMLPrinter-resources.sh\"\n";
			showEnvVarsInLog = 0;
		};
		46FE575B42122EF534FC0957 /* [CP] Check Pods Manifest.lock */ = {
			isa = PBXShellScriptBuildPhase;
			buildActionMask = 2147483647;
			files = (
			);
			inputPaths = (
			);
			name = "[CP] Check Pods Manifest.lock";
			outputPaths = (
			);
			runOnlyForDeploymentPostprocessing = 0;
			shellPath = /bin/sh;
			shellScript = "diff \"${PODS_ROOT}/../Podfile.lock\" \"${PODS_ROOT}/Manifest.lock\" > /dev/null\nif [ $? != 0 ] ; then\n    # print error to STDERR\n    echo \"error: The sandbox is not in sync with the Podfile.lock. Run 'pod install' or update your CocoaPods installation.\" >&2\n    exit 1\nfi\n";
			showEnvVarsInLog = 0;
		};
/* End PBXShellScriptBuildPhase section */

/* Begin PBXSourcesBuildPhase section */
		1761FA9F1E9192DB00934AFC /* Sources */ = {
			isa = PBXSourcesBuildPhase;
			buildActionMask = 2147483647;
			files = (
				1761FAA81E9192DB00934AFC /* RNHTMLPrinter.m in Sources */,
			);
			runOnlyForDeploymentPostprocessing = 0;
		};
/* End PBXSourcesBuildPhase section */

/* Begin XCBuildConfiguration section */
		1761FAAA1E9192DB00934AFC /* Debug */ = {
			isa = XCBuildConfiguration;
			buildSettings = {
				ALWAYS_SEARCH_USER_PATHS = NO;
				CLANG_ANALYZER_NONNULL = YES;
				CLANG_CXX_LANGUAGE_STANDARD = "gnu++0x";
				CLANG_CXX_LIBRARY = "libc++";
				CLANG_ENABLE_MODULES = YES;
				CLANG_ENABLE_OBJC_ARC = YES;
				CLANG_WARN_BOOL_CONVERSION = YES;
				CLANG_WARN_CONSTANT_CONVERSION = YES;
				CLANG_WARN_DIRECT_OBJC_ISA_USAGE = YES_ERROR;
				CLANG_WARN_DOCUMENTATION_COMMENTS = YES;
				CLANG_WARN_EMPTY_BODY = YES;
				CLANG_WARN_ENUM_CONVERSION = YES;
				CLANG_WARN_INFINITE_RECURSION = YES;
				CLANG_WARN_INT_CONVERSION = YES;
				CLANG_WARN_OBJC_ROOT_CLASS = YES_ERROR;
				CLANG_WARN_SUSPICIOUS_MOVE = YES;
				CLANG_WARN_UNREACHABLE_CODE = YES;
				CLANG_WARN__DUPLICATE_METHOD_MATCH = YES;
				"CODE_SIGN_IDENTITY[sdk=iphoneos*]" = "iPhone Developer";
				COPY_PHASE_STRIP = NO;
				DEBUG_INFORMATION_FORMAT = dwarf;
				ENABLE_STRICT_OBJC_MSGSEND = YES;
				ENABLE_TESTABILITY = YES;
				GCC_C_LANGUAGE_STANDARD = gnu99;
				GCC_DYNAMIC_NO_PIC = NO;
				GCC_NO_COMMON_BLOCKS = YES;
				GCC_OPTIMIZATION_LEVEL = 0;
				GCC_PREPROCESSOR_DEFINITIONS = (
					"DEBUG=1",
					"$(inherited)",
				);
				GCC_WARN_64_TO_32_BIT_CONVERSION = YES;
				GCC_WARN_ABOUT_RETURN_TYPE = YES_ERROR;
				GCC_WARN_UNDECLARED_SELECTOR = YES;
				GCC_WARN_UNINITIALIZED_AUTOS = YES_AGGRESSIVE;
				GCC_WARN_UNUSED_FUNCTION = YES;
				GCC_WARN_UNUSED_VARIABLE = YES;
				IPHONEOS_DEPLOYMENT_TARGET = 9.0;
				MTL_ENABLE_DEBUG_INFO = YES;
				ONLY_ACTIVE_ARCH = YES;
				SDKROOT = iphoneos;
			};
			name = Debug;
		};
		1761FAAB1E9192DB00934AFC /* Release */ = {
			isa = XCBuildConfiguration;
			buildSettings = {
				ALWAYS_SEARCH_USER_PATHS = NO;
				CLANG_ANALYZER_NONNULL = YES;
				CLANG_CXX_LANGUAGE_STANDARD = "gnu++0x";
				CLANG_CXX_LIBRARY = "libc++";
				CLANG_ENABLE_MODULES = YES;
				CLANG_ENABLE_OBJC_ARC = YES;
				CLANG_WARN_BOOL_CONVERSION = YES;
				CLANG_WARN_CONSTANT_CONVERSION = YES;
				CLANG_WARN_DIRECT_OBJC_ISA_USAGE = YES_ERROR;
				CLANG_WARN_DOCUMENTATION_COMMENTS = YES;
				CLANG_WARN_EMPTY_BODY = YES;
				CLANG_WARN_ENUM_CONVERSION = YES;
				CLANG_WARN_INFINITE_RECURSION = YES;
				CLANG_WARN_INT_CONVERSION = YES;
				CLANG_WARN_OBJC_ROOT_CLASS = YES_ERROR;
				CLANG_WARN_SUSPICIOUS_MOVE = YES;
				CLANG_WARN_UNREACHABLE_CODE = YES;
				CLANG_WARN__DUPLICATE_METHOD_MATCH = YES;
				"CODE_SIGN_IDENTITY[sdk=iphoneos*]" = "iPhone Developer";
				COPY_PHASE_STRIP = NO;
				DEBUG_INFORMATION_FORMAT = "dwarf-with-dsym";
				ENABLE_NS_ASSERTIONS = NO;
				ENABLE_STRICT_OBJC_MSGSEND = YES;
				GCC_C_LANGUAGE_STANDARD = gnu99;
				GCC_NO_COMMON_BLOCKS = YES;
				GCC_WARN_64_TO_32_BIT_CONVERSION = YES;
				GCC_WARN_ABOUT_RETURN_TYPE = YES_ERROR;
				GCC_WARN_UNDECLARED_SELECTOR = YES;
				GCC_WARN_UNINITIALIZED_AUTOS = YES_AGGRESSIVE;
				GCC_WARN_UNUSED_FUNCTION = YES;
				GCC_WARN_UNUSED_VARIABLE = YES;
				IPHONEOS_DEPLOYMENT_TARGET = 9.0;
				MTL_ENABLE_DEBUG_INFO = NO;
				SDKROOT = iphoneos;
				VALIDATE_PRODUCT = YES;
			};
			name = Release;
		};
		1761FAAD1E9192DB00934AFC /* Debug */ = {
			isa = XCBuildConfiguration;
			baseConfigurationReference = C6647B4A8A7E3EFE2760EA87 /* Pods-RNHTMLPrinter.debug.xcconfig */;
			buildSettings = {
				DEVELOPMENT_TEAM = 8R7QY65ARB;
				OTHER_LDFLAGS = "-ObjC";
				PRODUCT_NAME = "$(TARGET_NAME)";
				SKIP_INSTALL = YES;
			};
			name = Debug;
		};
		1761FAAE1E9192DB00934AFC /* Release */ = {
			isa = XCBuildConfiguration;
			baseConfigurationReference = 5F1BC4AFC62B866E87F5BB7F /* Pods-RNHTMLPrinter.release.xcconfig */;
			buildSettings = {
				DEVELOPMENT_TEAM = 8R7QY65ARB;
				OTHER_LDFLAGS = "-ObjC";
				PRODUCT_NAME = "$(TARGET_NAME)";
				SKIP_INSTALL = YES;
			};
			name = Release;
		};
/* End XCBuildConfiguration section */

/* Begin XCConfigurationList section */
		1761FA9E1E9192DB00934AFC /* Build configuration list for PBXProject "RNHTMLPrinter" */ = {
			isa = XCConfigurationList;
			buildConfigurations = (
				1761FAAA1E9192DB00934AFC /* Debug */,
				1761FAAB1E9192DB00934AFC /* Release */,
			);
			defaultConfigurationIsVisible = 0;
			defaultConfigurationName = Release;
		};
		1761FAAC1E9192DB00934AFC /* Build configuration list for PBXNativeTarget "RNHTMLPrinter" */ = {
			isa = XCConfigurationList;
			buildConfigurations = (
				1761FAAD1E9192DB00934AFC /* Debug */,
				1761FAAE1E9192DB00934AFC /* Release */,
			);
			defaultConfigurationIsVisible = 0;
			defaultConfigurationName = Release;
		};
/* End XCConfigurationList section */
	};
	rootObject = 1761FA9B1E9192DB00934AFC /* Project object */;
}
